
Microsoft Visual Studio Solution File, Format Version 12.00
# Visual Studio Version 17
VisualStudioVersion = 17.3.32811.315
MinimumVisualStudioVersion = 10.0.40219.1
Project("{FAE04EC0-301F-11D3-BF4B-00C04F79EFBC}") = "aesencodedecodetest", "aesencodedecodetest.csproj", "{F6D2F37A-7840-40BA-9E14-72B48B77BD13}"
EndProject
Global
	GlobalSection(SolutionConfigurationPlatforms) = preSolution
		Debug|Any CPU = Debug|Any CPU
		Release|Any CPU = Release|Any CPU
	EndGlobalSection
	GlobalSection(ProjectConfigurationPlatforms) = postSolution
		{F6D2F37A-7840-40BA-9E14-72B48B77BD13}.Debug|Any CPU.ActiveCfg = Debug|Any CPU
		{F6D2F37A-7840-40BA-9E14-72B48B77BD13}.Debug|Any CPU.Build.0 = Debug|Any CPU
		{F6D2F37A-7840-40BA-9E14-72B48B77BD13}.Release|Any CPU.ActiveCfg = Release|Any CPU
		{F6D2F37A-7840-40BA-9E14-72B48B77BD13}.Release|Any CPU.Build.0 = Release|Any CPU
	EndGlobalSection
	GlobalSection(SolutionProperties) = preSolution
		HideSolutionNode = FALSE
	EndGlobalSection
	GlobalSection(ExtensibilityGlobals) = postSolution
		SolutionGuid = {96E996F6-7657-4266-BA51-0564B1BDCE09}
	EndGlobalSection
EndGlobal
